
Microsoft Visual Studio Solution File, Format Version 12.00
# Visual Studio Version 17
VisualStudioVersion = 17.9.34723.18
MinimumVisualStudioVersion = 10.0.40219.1
Project("{FAE04EC0-301F-11D3-BF4B-00C04F79EFBC}") = "PrimeiroProjeto", "PrimeiroProjeto\PrimeiroProjeto.csproj", "{F4F773DF-D077-4F02-B635-8D7C6A41293F}"
EndProject
Global
	GlobalSection(SolutionConfigurationPlatforms) = preSolution
		Debug|Any CPU = Debug|Any CPU
		Release|Any CPU = Release|Any CPU
	EndGlobalSection
	GlobalSection(ProjectConfigurationPlatforms) = postSolution
		{F4F773DF-D077-4F02-B635-8D7C6A41293F}.Debug|Any CPU.ActiveCfg = Debug|Any CPU
		{F4F773DF-D077-4F02-B635-8D7C6A41293F}.Debug|Any CPU.Build.0 = Debug|Any CPU
		{F4F773DF-D077-4F02-B635-8D7C6A41293F}.Release|Any CPU.ActiveCfg = Release|Any CPU
		{F4F773DF-D077-4F02-B635-8D7C6A41293F}.Release|Any CPU.Build.0 = Release|Any CPU
	EndGlobalSection
	GlobalSection(SolutionProperties) = preSolution
		HideSolutionNode = FALSE
	EndGlobalSection
	GlobalSection(ExtensibilityGlobals) = postSolution
		SolutionGuid = {AB80997D-A21C-42F4-906B-23967F85A89D}
	EndGlobalSection
EndGlobal
